
Microsoft Visual Studio Solution File, Format Version 12.00
# Visual Studio Version 16
VisualStudioVersion = 16.0.31313.79
MinimumVisualStudioVersion = 10.0.40219.1
Project("{8BC9CEB8-8B4A-11D0-8D11-00A0C91BC942}") = "True_or_False", "True_or_False.vcxproj", "{105F2330-0418-41A5-A7ED-ED035E6290AF}"
EndProject
Global
	GlobalSection(SolutionConfigurationPlatforms) = preSolution
		Debug|x64 = Debug|x64
		Debug|x86 = Debug|x86
		Release|x64 = Release|x64
		Release|x86 = Release|x86
	EndGlobalSection
	GlobalSection(ProjectConfigurationPlatforms) = postSolution
		{105F2330-0418-41A5-A7ED-ED035E6290AF}.Debug|x64.ActiveCfg = Debug|x64
		{105F2330-0418-41A5-A7ED-ED035E6290AF}.Debug|x64.Build.0 = Debug|x64
		{105F2330-0418-41A5-A7ED-ED035E6290AF}.Debug|x86.ActiveCfg = Debug|Win32
		{105F2330-0418-41A5-A7ED-ED035E6290AF}.Debug|x86.Build.0 = Debug|Win32
		{105F2330-0418-41A5-A7ED-ED035E6290AF}.Release|x64.ActiveCfg = Release|x64
		{105F2330-0418-41A5-A7ED-ED035E6290AF}.Release|x64.Build.0 = Release|x64
		{105F2330-0418-41A5-A7ED-ED035E6290AF}.Release|x86.ActiveCfg = Release|Win32
		{105F2330-0418-41A5-A7ED-ED035E6290AF}.Release|x86.Build.0 = Release|Win32
	EndGlobalSection
	GlobalSection(SolutionProperties) = preSolution
		HideSolutionNode = FALSE
	EndGlobalSection
	GlobalSection(ExtensibilityGlobals) = postSolution
		SolutionGuid = {9BD8A496-94BA-4F81-83FC-7FFC39E6AFFB}
	EndGlobalSection
EndGlobal
